
Microsoft Visual Studio Solution File, Format Version 12.00
# Visual Studio 14
VisualStudioVersion = 14.0.24720.0
MinimumVisualStudioVersion = 10.0.40219.1
Project("{FAE04EC0-301F-11D3-BF4B-00C04F79EFBC}") = "TestReflection", "TestReflection\TestReflection.csproj", "{1CD5D7AF-C1C7-49F2-B1DC-3F8C9264977C}"
EndProject
Project("{FAE04EC0-301F-11D3-BF4B-00C04F79EFBC}") = "WhatsNewAttributes", "WhatsNewAttributes\WhatsNewAttributes.csproj", "{6D4BBA31-486C-4729-ACE1-B771880F3BED}"
EndProject
Project("{FAE04EC0-301F-11D3-BF4B-00C04F79EFBC}") = "VectorClass", "VectorClass\VectorClass.csproj", "{A35ECD2B-14C4-4226-A752-9B8001A12425}"
EndProject
Global
	GlobalSection(SolutionConfigurationPlatforms) = preSolution
		Debug|Any CPU = Debug|Any CPU
		Release|Any CPU = Release|Any CPU
	EndGlobalSection
	GlobalSection(ProjectConfigurationPlatforms) = postSolution
		{1CD5D7AF-C1C7-49F2-B1DC-3F8C9264977C}.Debug|Any CPU.ActiveCfg = Debug|Any CPU
		{1CD5D7AF-C1C7-49F2-B1DC-3F8C9264977C}.Debug|Any CPU.Build.0 = Debug|Any CPU
		{1CD5D7AF-C1C7-49F2-B1DC-3F8C9264977C}.Release|Any CPU.ActiveCfg = Release|Any CPU
		{1CD5D7AF-C1C7-49F2-B1DC-3F8C9264977C}.Release|Any CPU.Build.0 = Release|Any CPU
		{6D4BBA31-486C-4729-ACE1-B771880F3BED}.Debug|Any CPU.ActiveCfg = Debug|Any CPU
		{6D4BBA31-486C-4729-ACE1-B771880F3BED}.Debug|Any CPU.Build.0 = Debug|Any CPU
		{6D4BBA31-486C-4729-ACE1-B771880F3BED}.Release|Any CPU.ActiveCfg = Release|Any CPU
		{6D4BBA31-486C-4729-ACE1-B771880F3BED}.Release|Any CPU.Build.0 = Release|Any CPU
		{A35ECD2B-14C4-4226-A752-9B8001A12425}.Debug|Any CPU.ActiveCfg = Debug|Any CPU
		{A35ECD2B-14C4-4226-A752-9B8001A12425}.Debug|Any CPU.Build.0 = Debug|Any CPU
		{A35ECD2B-14C4-4226-A752-9B8001A12425}.Release|Any CPU.ActiveCfg = Release|Any CPU
		{A35ECD2B-14C4-4226-A752-9B8001A12425}.Release|Any CPU.Build.0 = Release|Any CPU
	EndGlobalSection
	GlobalSection(SolutionProperties) = preSolution
		HideSolutionNode = FALSE
	EndGlobalSection
EndGlobal
