
Microsoft Visual Studio Solution File, Format Version 10.00
# Visual Studio 2008
Project("{8BC9CEB8-8B4A-11D0-8D11-00A0C91BC942}") = "IDATest", "IDATest\IDATest.vcproj", "{DDB773D7-4E2F-4BA9-9ED0-25DD3EBF8892}"
EndProject
Global
	GlobalSection(SolutionConfigurationPlatforms) = preSolution
		Debug|Win32 = Debug|Win32
		Release|Win32 = Release|Win32
	EndGlobalSection
	GlobalSection(ProjectConfigurationPlatforms) = postSolution
		{DDB773D7-4E2F-4BA9-9ED0-25DD3EBF8892}.Debug|Win32.ActiveCfg = Debug|Win32
		{DDB773D7-4E2F-4BA9-9ED0-25DD3EBF8892}.Debug|Win32.Build.0 = Debug|Win32
		{DDB773D7-4E2F-4BA9-9ED0-25DD3EBF8892}.Release|Win32.ActiveCfg = Release|Win32
		{DDB773D7-4E2F-4BA9-9ED0-25DD3EBF8892}.Release|Win32.Build.0 = Release|Win32
	EndGlobalSection
	GlobalSection(SolutionProperties) = preSolution
		HideSolutionNode = FALSE
	EndGlobalSection
EndGlobal
