
Microsoft Visual Studio Solution File, Format Version 10.00
# Visual Studio 2008
Project("{FAE04EC0-301F-11D3-BF4B-00C04F79EFBC}") = "TestTreeNode2", "TestTreeNode2\TestTreeNode2.csproj", "{77EFA1FB-7B8F-4BB0-9FEC-1B8C6D20E7BE}"
EndProject
Global
	GlobalSection(SolutionConfigurationPlatforms) = preSolution
		Debug|Any CPU = Debug|Any CPU
		Release|Any CPU = Release|Any CPU
	EndGlobalSection
	GlobalSection(ProjectConfigurationPlatforms) = postSolution
		{77EFA1FB-7B8F-4BB0-9FEC-1B8C6D20E7BE}.Debug|Any CPU.ActiveCfg = Debug|Any CPU
		{77EFA1FB-7B8F-4BB0-9FEC-1B8C6D20E7BE}.Debug|Any CPU.Build.0 = Debug|Any CPU
		{77EFA1FB-7B8F-4BB0-9FEC-1B8C6D20E7BE}.Release|Any CPU.ActiveCfg = Release|Any CPU
		{77EFA1FB-7B8F-4BB0-9FEC-1B8C6D20E7BE}.Release|Any CPU.Build.0 = Release|Any CPU
	EndGlobalSection
	GlobalSection(SolutionProperties) = preSolution
		HideSolutionNode = FALSE
	EndGlobalSection
EndGlobal
