
Microsoft Visual Studio Solution File, Format Version 10.00
# Visual Studio 2008
Project("{FAE04EC0-301F-11D3-BF4B-00C04F79EFBC}") = "WindowsFormsApplication2", "WindowsFormsApplication2\WindowsFormsApplication2.csproj", "{8AD85EF9-F194-463F-BEE7-326B4B1B76DC}"
EndProject
Global
	GlobalSection(SolutionConfigurationPlatforms) = preSolution
		Debug|Any CPU = Debug|Any CPU
		Release|Any CPU = Release|Any CPU
	EndGlobalSection
	GlobalSection(ProjectConfigurationPlatforms) = postSolution
		{8AD85EF9-F194-463F-BEE7-326B4B1B76DC}.Debug|Any CPU.ActiveCfg = Debug|Any CPU
		{8AD85EF9-F194-463F-BEE7-326B4B1B76DC}.Debug|Any CPU.Build.0 = Debug|Any CPU
		{8AD85EF9-F194-463F-BEE7-326B4B1B76DC}.Release|Any CPU.ActiveCfg = Release|Any CPU
		{8AD85EF9-F194-463F-BEE7-326B4B1B76DC}.Release|Any CPU.Build.0 = Release|Any CPU
	EndGlobalSection
	GlobalSection(SolutionProperties) = preSolution
		HideSolutionNode = FALSE
	EndGlobalSection
EndGlobal
