
Microsoft Visual Studio Solution File, Format Version 10.00
# Visual Studio 2008
Project("{FAE04EC0-301F-11D3-BF4B-00C04F79EFBC}") = "Destiny", "Destiny\Destiny.csproj", "{A985FDC6-4C6E-4FB8-A2DD-7DE971C24C00}"
EndProject
Project("{FAE04EC0-301F-11D3-BF4B-00C04F79EFBC}") = "Test", "Test\Test.csproj", "{4FE2EAB0-6710-447D-B7BA-5322CDCB956E}"
EndProject
Global
	GlobalSection(SolutionConfigurationPlatforms) = preSolution
		Debug|Any CPU = Debug|Any CPU
		Release|Any CPU = Release|Any CPU
	EndGlobalSection
	GlobalSection(ProjectConfigurationPlatforms) = postSolution
		{A985FDC6-4C6E-4FB8-A2DD-7DE971C24C00}.Debug|Any CPU.ActiveCfg = Debug|Any CPU
		{A985FDC6-4C6E-4FB8-A2DD-7DE971C24C00}.Debug|Any CPU.Build.0 = Debug|Any CPU
		{A985FDC6-4C6E-4FB8-A2DD-7DE971C24C00}.Release|Any CPU.ActiveCfg = Release|Any CPU
		{A985FDC6-4C6E-4FB8-A2DD-7DE971C24C00}.Release|Any CPU.Build.0 = Release|Any CPU
		{4FE2EAB0-6710-447D-B7BA-5322CDCB956E}.Debug|Any CPU.ActiveCfg = Debug|Any CPU
		{4FE2EAB0-6710-447D-B7BA-5322CDCB956E}.Debug|Any CPU.Build.0 = Debug|Any CPU
		{4FE2EAB0-6710-447D-B7BA-5322CDCB956E}.Release|Any CPU.ActiveCfg = Release|Any CPU
		{4FE2EAB0-6710-447D-B7BA-5322CDCB956E}.Release|Any CPU.Build.0 = Release|Any CPU
	EndGlobalSection
	GlobalSection(SolutionProperties) = preSolution
		HideSolutionNode = FALSE
	EndGlobalSection
EndGlobal
